version = 1
requires-python = ">=3.13"

[[package]]
name = "colorama"
version = "0.4.6"
source = { registry = "https://pypi.org/simple" }
sdist = { url = "https://files.pythonhosted.org/packages/d8/53/6f443c9a4a8358a93a6792e2acffb9d9d5cb0a5cfd8802644b7b1c9a02e4/colorama-0.4.6.tar.gz", hash = "sha256:08695f5cb7ed6e0531a20572697297273c47b8cae5a63ffc6d6ed5c201be6e44", size = 27697 }
wheels = [
    { url = "https://files.pythonhosted.org/packages/d1/d6/3965ed04c63042e047cb6a3e6ed1a63a35087b6a609aa3a15ed8ac56c221/colorama-0.4.6-py2.py3-none-any.whl", hash = "sha256:4f1d9991f5acc0ca119f9d443620b77f9d6b33703e51011c16baf57afb285fc6", size = 25335 },
]

[[package]]
name = "iniconfig"
version = "2.1.0"
source = { registry = "https://pypi.org/simple" }
sdist = { url = "https://files.pythonhosted.org/packages/f2/97/ebf4da567aa6827c909642694d71c9fcf53e5b504f2d96afea02718862f3/iniconfig-2.1.0.tar.gz", hash = "sha256:3abbd2e30b36733fee78f9c7f7308f2d0050e88f0087fd25c2645f63c773e1c7", size = 4793 }
wheels = [
    { url = "https://files.pythonhosted.org/packages/2c/e1/e6716421ea10d38022b952c159d5161ca1193197fb744506875fbb87ea7b/iniconfig-2.1.0-py3-none-any.whl", hash = "sha256:9deba5723312380e77435581c6bf4935c94cbfab9b1ed33ef8d238ea168eb760", size = 6050 },
]

[[package]]
name = "maturin"
version = "1.9.4"
source = { registry = "https://pypi.org/simple" }
sdist = { url = "https://files.pythonhosted.org/packages/13/7c/b11b870fc4fd84de2099906314ce45488ae17be32ff5493519a6cddc518a/maturin-1.9.4.tar.gz", hash = "sha256:235163a0c99bc6f380fb8786c04fd14dcf6cd622ff295ea3de525015e6ac40cf", size = 213647 }
wheels = [
    { url = "https://files.pythonhosted.org/packages/f2/90/0d99389eea1939116fca841cad0763600c8d3183a02a9478d066736c60e8/maturin-1.9.4-py3-none-linux_armv6l.whl", hash = "sha256:6ff37578e3f5fdbe685110d45f60af1f5a7dfce70a1e26dfe3810af66853ecae", size = 8276133 },
    { url = "https://files.pythonhosted.org/packages/f4/ed/c8ec68b383e50f084bf1fa9605e62a90cd32a3f75d9894ed3a6e5d4cc5b3/maturin-1.9.4-py3-none-macosx_10_12_x86_64.macosx_11_0_arm64.macosx_10_12_universal2.whl", hash = "sha256:f3837bb53611b2dafa1c090436c330f2d743ba305ef00d8801a371f4495e7e1b", size = 15994496 },
    { url = "https://files.pythonhosted.org/packages/84/4e/401ff5f3cfc6b123364d4b94379bf910d7baee32c9c95b72784ff2329357/maturin-1.9.4-py3-none-macosx_10_12_x86_64.whl", hash = "sha256:4227d627d8e3bfe45877a8d65e9d8351a9d01434549f0da75d2c06a1b570de58", size = 8362228 },
    { url = "https://files.pythonhosted.org/packages/51/8e/c56176dd360da9650c62b8a5ecfb85432cf011e97e46c186901e6996002e/maturin-1.9.4-py3-none-manylinux_2_12_i686.manylinux2010_i686.musllinux_1_1_i686.whl", hash = "sha256:1bb2aa0fa29032e9c5aac03ac400396ddea12cadef242f8967e9c8ef715313a1", size = 8271397 },
    { url = "https://files.pythonhosted.org/packages/d2/46/001fcc5c6ad509874896418d6169a61acd619df5b724f99766308c44a99f/maturin-1.9.4-py3-none-manylinux_2_12_x86_64.manylinux2010_x86_64.musllinux_1_1_x86_64.whl", hash = "sha256:a0868d52934c8a5d1411b42367633fdb5cd5515bec47a534192282167448ec30", size = 8775625 },
    { url = "https://files.pythonhosted.org/packages/b4/2e/26fa7574f01c19b7a74680fd70e5bae2e8c40fed9683d1752e765062cc2b/maturin-1.9.4-py3-none-manylinux_2_17_aarch64.manylinux2014_aarch64.musllinux_1_1_aarch64.whl", hash = "sha256:68b7b833b25741c0f553b78e8b9e095b31ae7c6611533b3c7b71f84c2cb8fc44", size = 8051117 },
    { url = "https://files.pythonhosted.org/packages/73/ee/ca7308832d4f5b521c1aa176d9265f6f93e0bd1ad82a90fd9cd799f6b28c/maturin-1.9.4-py3-none-manylinux_2_17_armv7l.manylinux2014_armv7l.musllinux_1_1_armv7l.whl", hash = "sha256:08dc86312afee55af778af919818632e35d8d0464ccd79cb86700d9ea560ccd7", size = 8132122 },
    { url = "https://files.pythonhosted.org/packages/45/e8/c623955da75e801a06942edf1fdc4e772a9e8fbc1ceebbdc85d59584dc10/maturin-1.9.4-py3-none-manylinux_2_17_ppc64le.manylinux2014_ppc64le.musllinux_1_1_ppc64le.whl", hash = "sha256:ef20ffdd943078c4c3699c29fb2ed722bb6b4419efdade6642d1dbf248f94a70", size = 10586762 },
    { url = "https://files.pythonhosted.org/packages/3c/4b/19ad558fdf54e151b1b4916ed45f1952ada96684ee6db64f9cd91cabec09/maturin-1.9.4-py3-none-manylinux_2_17_s390x.manylinux2014_s390x.whl", hash = "sha256:368e958468431dfeec80f75eea9639b4356d8c42428b0128444424b083fecfb0", size = 8926988 },
    { url = "https://files.pythonhosted.org/packages/7e/27/153ad15eccae26921e8a01812da9f3b7f9013368f8f92c36853f2043b2a3/maturin-1.9.4-py3-none-manylinux_2_31_riscv64.whl", hash = "sha256:273f879214f63f79bfe851cd7d541f8150bdbfae5dfdc3c0c4d125d02d1f41b4", size = 8536758 },
    { url = "https://files.pythonhosted.org/packages/43/e3/f304c3bdc3fba9adebe5348d4d2dd015f1152c0a9027aaf52cae0bb182c8/maturin-1.9.4-py3-none-win32.whl", hash = "sha256:ed2e54d132ace7e61829bd49709331007dd9a2cc78937f598aa76a4f69b6804d", size = 7265200 },
    { url = "https://files.pythonhosted.org/packages/14/14/f86d0124bf1816b99005c058a1dbdca7cb5850d9cf4b09dcae07a1bc6201/maturin-1.9.4-py3-none-win_amd64.whl", hash = "sha256:8e450bb2c9afdf38a0059ee2e1ec2b17323f152b59c16f33eb9c74edaf1f9f79", size = 8237391 },
    { url = "https://files.pythonhosted.org/packages/3f/25/8320fc2591e45b750c3ae71fa596b47aefa802d07d6abaaa719034a85160/maturin-1.9.4-py3-none-win_arm64.whl", hash = "sha256:7a6f980a9b67a5c13c844c268eabd855b54a6a765df4b4bb07d15a990572a4c9", size = 6988277 },
]

[[package]]
name = "packaging"
version = "25.0"
source = { registry = "https://pypi.org/simple" }
sdist = { url = "https://files.pythonhosted.org/packages/a1/d4/1fc4078c65507b51b96ca8f8c3ba19e6a61c8253c72794544580a7b6c24d/packaging-25.0.tar.gz", hash = "sha256:d443872c98d677bf60f6a1f2f8c1cb748e8fe762d2bf9d3148b5599295b0fc4f", size = 165727 }
wheels = [
    { url = "https://files.pythonhosted.org/packages/20/12/38679034af332785aac8774540895e234f4d07f7545804097de4b666afd8/packaging-25.0-py3-none-any.whl", hash = "sha256:29572ef2b1f17581046b3a2227d5c611fb25ec70ca1ba8554b24b0e69331a484", size = 66469 },
]

[[package]]
name = "pluggy"
version = "1.6.0"
source = { registry = "https://pypi.org/simple" }
sdist = { url = "https://files.pythonhosted.org/packages/f9/e2/3e91f31a7d2b083fe6ef3fa267035b518369d9511ffab804f839851d2779/pluggy-1.6.0.tar.gz", hash = "sha256:7dcc130b76258d33b90f61b658791dede3486c3e6bfb003ee5c9bfb396dd22f3", size = 69412 }
wheels = [
    { url = "https://files.pythonhosted.org/packages/54/20/4d324d65cc6d9205fabedc306948156824eb9f0ee1633355a8f7ec5c66bf/pluggy-1.6.0-py3-none-any.whl", hash = "sha256:e920276dd6813095e9377c0bc5566d94c932c33b27a3e3945d8389c374dd4746", size = 20538 },
]

[[package]]
name = "pygments"
version = "2.19.2"
source = { registry = "https://pypi.org/simple" }
sdist = { url = "https://files.pythonhosted.org/packages/b0/77/a5b8c569bf593b0140bde72ea885a803b82086995367bf2037de0159d924/pygments-2.19.2.tar.gz", hash = "sha256:636cb2477cec7f8952536970bc533bc43743542f70392ae026374600add5b887", size = 4968631 }
wheels = [
    { url = "https://files.pythonhosted.org/packages/c7/21/705964c7812476f378728bdf590ca4b771ec72385c533964653c68e86bdc/pygments-2.19.2-py3-none-any.whl", hash = "sha256:86540386c03d588bb81d44bc3928634ff26449851e99741617ecb9037ee5ec0b", size = 1225217 },
]

[[package]]
name = "pytest"
version = "8.4.2"
source = { registry = "https://pypi.org/simple" }
dependencies = [
    { name = "colorama", marker = "sys_platform == 'win32'" },
    { name = "iniconfig" },
    { name = "packaging" },
    { name = "pluggy" },
    { name = "pygments" },
]
sdist = { url = "https://files.pythonhosted.org/packages/a3/5c/00a0e072241553e1a7496d638deababa67c5058571567b92a7eaa258397c/pytest-8.4.2.tar.gz", hash = "sha256:86c0d0b93306b961d58d62a4db4879f27fe25513d4b969df351abdddb3c30e01", size = 1519618 }
wheels = [
    { url = "https://files.pythonhosted.org/packages/a8/a4/20da314d277121d6534b3a980b29035dcd51e6744bd79075a6ce8fa4eb8d/pytest-8.4.2-py3-none-any.whl", hash = "sha256:872f880de3fc3a5bdc88a11b39c9710c3497a547cfa9320bc3c5e62fbf272e79", size = 365750 },
]

[[package]]
name = "the-blockheads-tools-py"
version = "0.1.0"
source = { editable = "." }
dependencies = [
    { name = "maturin" },
]

[package.dev-dependencies]
dev = [
    { name = "pytest" },
    { name = "ty" },
]

[package.metadata]
requires-dist = [{ name = "maturin", specifier = ">=1.9.4" }]

[package.metadata.requires-dev]
dev = [
    { name = "pytest", specifier = ">=8.4.2" },
    { name = "ty", specifier = ">=0.0.15" },
]

[[package]]
name = "ty"
version = "0.0.15"
source = { registry = "https://pypi.org/simple" }
sdist = { url = "https://files.pythonhosted.org/packages/4e/25/257602d316b9333089b688a7a11b33ebc660b74e8dacf400dc3dfdea1594/ty-0.0.15.tar.gz", hash = "sha256:4f9a5b8df208c62dba56e91b93bed8b5bb714839691b8cff16d12c983bfa1174", size = 5101936 }
wheels = [
    { url = "https://files.pythonhosted.org/packages/ce/c5/35626e732b79bf0e6213de9f79aff59b5f247c0a1e3ce0d93e675ab9b728/ty-0.0.15-py3-none-linux_armv6l.whl", hash = "sha256:68e092458516c61512dac541cde0a5e4e5842df00b4e81881ead8f745ddec794", size = 10138374 },
    { url = "https://files.pythonhosted.org/packages/d5/8a/48fd81664604848f79d03879b3ca3633762d457a069b07e09fb1b87edd6e/ty-0.0.15-py3-none-macosx_10_12_x86_64.whl", hash = "sha256:79f2e75289eae3cece94c51118b730211af4ba5762906f52a878041b67e54959", size = 9947858 },
    { url = "https://files.pythonhosted.org/packages/b6/85/c1ac8e97bcd930946f4c94db85b675561d590b4e72703bf3733419fc3973/ty-0.0.15-py3-none-macosx_11_0_arm64.whl", hash = "sha256:112a7b26e63e48cc72c8c5b03227d1db280cfa57a45f2df0e264c3a016aa8c3c", size = 9443220 },
    { url = "https://files.pythonhosted.org/packages/3c/d9/244bc02599d950f7a4298fbc0c1b25cc808646b9577bdf7a83470b2d1cec/ty-0.0.15-py3-none-manylinux_2_17_aarch64.manylinux2014_aarch64.whl", hash = "sha256:71f62a2644972975a657d9dc867bf901235cde51e8d24c20311067e7afd44a56", size = 9949976 },
    { url = "https://files.pythonhosted.org/packages/7e/ab/3a0daad66798c91a33867a3ececf17d314ac65d4ae2bbbd28cbfde94da63/ty-0.0.15-py3-none-manylinux_2_17_armv7l.manylinux2014_armv7l.whl", hash = "sha256:9e48b42be2d257317c85b78559233273b655dd636fc61e7e1d69abd90fd3cba4", size = 9965918 },
    { url = "https://files.pythonhosted.org/packages/39/4e/e62b01338f653059a7c0cd09d1a326e9a9eedc351a0f0de9db0601658c3d/ty-0.0.15-py3-none-manylinux_2_17_i686.manylinux2014_i686.whl", hash = "sha256:27dd5b52a421e6871c5bfe9841160331b60866ed2040250cb161886478ab3e4f", size = 10424943 },
    { url = "https://files.pythonhosted.org/packages/65/b5/7aa06655ce69c0d4f3e845d2d85e79c12994b6d84c71699cfb437e0bc8cf/ty-0.0.15-py3-none-manylinux_2_17_ppc64le.manylinux2014_ppc64le.whl", hash = "sha256:76b85c9ec2219e11c358a7db8e21b7e5c6674a1fb9b6f633836949de98d12286", size = 10964692 },
    { url = "https://files.pythonhosted.org/packages/13/04/36fdfe1f3c908b471e246e37ce3d011175584c26d3853e6c5d9a0364564c/ty-0.0.15-py3-none-manylinux_2_17_s390x.manylinux2014_s390x.whl", hash = "sha256:a9e8204c61d8ede4f21f2975dce74efdb80fafb2fae1915c666cceb33ea3c90b", size = 10692225 },
    { url = "https://files.pythonhosted.org/packages/13/41/5bf882649bd8b64ded5fbce7fb8d77fb3b868de1a3b1a6c4796402b47308/ty-0.0.15-py3-none-manylinux_2_17_x86_64.manylinux2014_x86_64.whl", hash = "sha256:af87c3be7c944bb4d6609d6c63e4594944b0028c7bd490a525a82b88fe010d6d", size = 10516776 },
    { url = "https://files.pythonhosted.org/packages/56/75/66852d7e004f859839c17ffe1d16513c1e7cc04bcc810edb80ca022a9124/ty-0.0.15-py3-none-musllinux_1_2_aarch64.whl", hash = "sha256:50dccf7398505e5966847d366c9e4c650b8c225411c2a68c32040a63b9521eea", size = 9928828 },
    { url = "https://files.pythonhosted.org/packages/65/72/96bc16c7b337a3ef358fd227b3c8ef0c77405f3bfbbfb59ee5915f0d9d71/ty-0.0.15-py3-none-musllinux_1_2_armv7l.whl", hash = "sha256:bd797b8f231a4f4715110259ad1ad5340a87b802307f3e06d92bfb37b858a8f3", size = 9978960 },
    { url = "https://files.pythonhosted.org/packages/a0/18/d2e316a35b626de2227f832cd36d21205e4f5d96fd036a8af84c72ecec1b/ty-0.0.15-py3-none-musllinux_1_2_i686.whl", hash = "sha256:9deb7f20e18b25440a9aa4884f934ba5628ef456dbde91819d5af1a73da48af3", size = 10135903 },
    { url = "https://files.pythonhosted.org/packages/02/d3/b617a79c9dad10c888d7c15cd78859e0160b8772273637b9c4241a049491/ty-0.0.15-py3-none-musllinux_1_2_x86_64.whl", hash = "sha256:7b31b3de031255b90a5f4d9cb3d050feae246067c87130e5a6861a8061c71754", size = 10615879 },
    { url = "https://files.pythonhosted.org/packages/fb/b0/2652a73c71c77296a6343217063f05745da60c67b7e8a8e25f2064167fce/ty-0.0.15-py3-none-win32.whl", hash = "sha256:9362c528ceb62c89d65c216336d28d500bc9f4c10418413f63ebc16886e16cc1", size = 9578058 },
    { url = "https://files.pythonhosted.org/packages/84/6e/08a4aedebd2a6ce2784b5bc3760e43d1861f1a184734a78215c2d397c1df/ty-0.0.15-py3-none-win_amd64.whl", hash = "sha256:4db040695ae67c5524f59cb8179a8fa277112e69042d7dfdac862caa7e3b0d9c", size = 10457112 },
    { url = "https://files.pythonhosted.org/packages/b3/be/1991f2bc12847ae2d4f1e3ac5dcff8bb7bc1261390645c0755bb55616355/ty-0.0.15-py3-none-win_arm64.whl", hash = "sha256:e5a98d4119e77d6136461e16ae505f8f8069002874ab073de03fbcb1a5e8bf25", size = 9937490 },
]
