version = 1
revision = 3
requires-python = ">=3.13"

[[package]]
name = "colorama"
version = "0.4.6"
source = { registry = "https://pypi.org/simple" }
sdist = { url = "https://files.pythonhosted.org/packages/d8/53/6f443c9a4a8358a93a6792e2acffb9d9d5cb0a5cfd8802644b7b1c9a02e4/colorama-0.4.6.tar.gz", hash = "sha256:08695f5cb7ed6e0531a20572697297273c47b8cae5a63ffc6d6ed5c201be6e44", size = 27697, upload-time = "2022-10-25T02:36:22.414Z" }
wheels = [
    { url = "https://files.pythonhosted.org/packages/d1/d6/3965ed04c63042e047cb6a3e6ed1a63a35087b6a609aa3a15ed8ac56c221/colorama-0.4.6-py2.py3-none-any.whl", hash = "sha256:4f1d9991f5acc0ca119f9d443620b77f9d6b33703e51011c16baf57afb285fc6", size = 25335, upload-time = "2022-10-25T02:36:20.889Z" },
]

[[package]]
name = "iniconfig"
version = "2.1.0"
source = { registry = "https://pypi.org/simple" }
sdist = { url = "https://files.pythonhosted.org/packages/f2/97/ebf4da567aa6827c909642694d71c9fcf53e5b504f2d96afea02718862f3/iniconfig-2.1.0.tar.gz", hash = "sha256:3abbd2e30b36733fee78f9c7f7308f2d0050e88f0087fd25c2645f63c773e1c7", size = 4793, upload-time = "2025-03-19T20:09:59.721Z" }
wheels = [
    { url = "https://files.pythonhosted.org/packages/2c/e1/e6716421ea10d38022b952c159d5161ca1193197fb744506875fbb87ea7b/iniconfig-2.1.0-py3-none-any.whl", hash = "sha256:9deba5723312380e77435581c6bf4935c94cbfab9b1ed33ef8d238ea168eb760", size = 6050, upload-time = "2025-03-19T20:10:01.071Z" },
]

[[package]]
name = "maturin"
version = "1.9.4"
source = { registry = "https://pypi.org/simple" }
sdist = { url = "https://files.pythonhosted.org/packages/13/7c/b11b870fc4fd84de2099906314ce45488ae17be32ff5493519a6cddc518a/maturin-1.9.4.tar.gz", hash = "sha256:235163a0c99bc6f380fb8786c04fd14dcf6cd622ff295ea3de525015e6ac40cf", size = 213647, upload-time = "2025-08-27T11:37:57.079Z" }
wheels = [
    { url = "https://files.pythonhosted.org/packages/f2/90/0d99389eea1939116fca841cad0763600c8d3183a02a9478d066736c60e8/maturin-1.9.4-py3-none-linux_armv6l.whl", hash = "sha256:6ff37578e3f5fdbe685110d45f60af1f5a7dfce70a1e26dfe3810af66853ecae", size = 8276133, upload-time = "2025-08-27T11:37:23.325Z" },
    { url = "https://files.pythonhosted.org/packages/f4/ed/c8ec68b383e50f084bf1fa9605e62a90cd32a3f75d9894ed3a6e5d4cc5b3/maturin-1.9.4-py3-none-macosx_10_12_x86_64.macosx_11_0_arm64.macosx_10_12_universal2.whl", hash = "sha256:f3837bb53611b2dafa1c090436c330f2d743ba305ef00d8801a371f4495e7e1b", size = 15994496, upload-time = "2025-08-27T11:37:27.092Z" },
    { url = "https://files.pythonhosted.org/packages/84/4e/401ff5f3cfc6b123364d4b94379bf910d7baee32c9c95b72784ff2329357/maturin-1.9.4-py3-none-macosx_10_12_x86_64.whl", hash = "sha256:4227d627d8e3bfe45877a8d65e9d8351a9d01434549f0da75d2c06a1b570de58", size = 8362228, upload-time = "2025-08-27T11:37:31.181Z" },
    { url = "https://files.pythonhosted.org/packages/51/8e/c56176dd360da9650c62b8a5ecfb85432cf011e97e46c186901e6996002e/maturin-1.9.4-py3-none-manylinux_2_12_i686.manylinux2010_i686.musllinux_1_1_i686.whl", hash = "sha256:1bb2aa0fa29032e9c5aac03ac400396ddea12cadef242f8967e9c8ef715313a1", size = 8271397, upload-time = "2025-08-27T11:37:33.672Z" },
    { url = "https://files.pythonhosted.org/packages/d2/46/001fcc5c6ad509874896418d6169a61acd619df5b724f99766308c44a99f/maturin-1.9.4-py3-none-manylinux_2_12_x86_64.manylinux2010_x86_64.musllinux_1_1_x86_64.whl", hash = "sha256:a0868d52934c8a5d1411b42367633fdb5cd5515bec47a534192282167448ec30", size = 8775625, upload-time = "2025-08-27T11:37:35.86Z" },
    { url = "https://files.pythonhosted.org/packages/b4/2e/26fa7574f01c19b7a74680fd70e5bae2e8c40fed9683d1752e765062cc2b/maturin-1.9.4-py3-none-manylinux_2_17_aarch64.manylinux2014_aarch64.musllinux_1_1_aarch64.whl", hash = "sha256:68b7b833b25741c0f553b78e8b9e095b31ae7c6611533b3c7b71f84c2cb8fc44", size = 8051117, upload-time = "2025-08-27T11:37:38.278Z" },
    { url = "https://files.pythonhosted.org/packages/73/ee/ca7308832d4f5b521c1aa176d9265f6f93e0bd1ad82a90fd9cd799f6b28c/maturin-1.9.4-py3-none-manylinux_2_17_armv7l.manylinux2014_armv7l.musllinux_1_1_armv7l.whl", hash = "sha256:08dc86312afee55af778af919818632e35d8d0464ccd79cb86700d9ea560ccd7", size = 8132122, upload-time = "2025-08-27T11:37:40.499Z" },
    { url = "https://files.pythonhosted.org/packages/45/e8/c623955da75e801a06942edf1fdc4e772a9e8fbc1ceebbdc85d59584dc10/maturin-1.9.4-py3-none-manylinux_2_17_ppc64le.manylinux2014_ppc64le.musllinux_1_1_ppc64le.whl", hash = "sha256:ef20ffdd943078c4c3699c29fb2ed722bb6b4419efdade6642d1dbf248f94a70", size = 10586762, upload-time = "2025-08-27T11:37:42.718Z" },
    { url = "https://files.pythonhosted.org/packages/3c/4b/19ad558fdf54e151b1b4916ed45f1952ada96684ee6db64f9cd91cabec09/maturin-1.9.4-py3-none-manylinux_2_17_s390x.manylinux2014_s390x.whl", hash = "sha256:368e958468431dfeec80f75eea9639b4356d8c42428b0128444424b083fecfb0", size = 8926988, upload-time = "2025-08-27T11:37:45.492Z" },
    { url = "https://files.pythonhosted.org/packages/7e/27/153ad15eccae26921e8a01812da9f3b7f9013368f8f92c36853f2043b2a3/maturin-1.9.4-py3-none-manylinux_2_31_riscv64.whl", hash = "sha256:273f879214f63f79bfe851cd7d541f8150bdbfae5dfdc3c0c4d125d02d1f41b4", size = 8536758, upload-time = "2025-08-27T11:37:48.213Z" },
    { url = "https://files.pythonhosted.org/packages/43/e3/f304c3bdc3fba9adebe5348d4d2dd015f1152c0a9027aaf52cae0bb182c8/maturin-1.9.4-py3-none-win32.whl", hash = "sha256:ed2e54d132ace7e61829bd49709331007dd9a2cc78937f598aa76a4f69b6804d", size = 7265200, upload-time = "2025-08-27T11:37:50.881Z" },
    { url = "https://files.pythonhosted.org/packages/14/14/f86d0124bf1816b99005c058a1dbdca7cb5850d9cf4b09dcae07a1bc6201/maturin-1.9.4-py3-none-win_amd64.whl", hash = "sha256:8e450bb2c9afdf38a0059ee2e1ec2b17323f152b59c16f33eb9c74edaf1f9f79", size = 8237391, upload-time = "2025-08-27T11:37:53.23Z" },
    { url = "https://files.pythonhosted.org/packages/3f/25/8320fc2591e45b750c3ae71fa596b47aefa802d07d6abaaa719034a85160/maturin-1.9.4-py3-none-win_arm64.whl", hash = "sha256:7a6f980a9b67a5c13c844c268eabd855b54a6a765df4b4bb07d15a990572a4c9", size = 6988277, upload-time = "2025-08-27T11:37:55.429Z" },
]

[[package]]
name = "packaging"
version = "25.0"
source = { registry = "https://pypi.org/simple" }
sdist = { url = "https://files.pythonhosted.org/packages/a1/d4/1fc4078c65507b51b96ca8f8c3ba19e6a61c8253c72794544580a7b6c24d/packaging-25.0.tar.gz", hash = "sha256:d443872c98d677bf60f6a1f2f8c1cb748e8fe762d2bf9d3148b5599295b0fc4f", size = 165727, upload-time = "2025-04-19T11:48:59.673Z" }
wheels = [
    { url = "https://files.pythonhosted.org/packages/20/12/38679034af332785aac8774540895e234f4d07f7545804097de4b666afd8/packaging-25.0-py3-none-any.whl", hash = "sha256:29572ef2b1f17581046b3a2227d5c611fb25ec70ca1ba8554b24b0e69331a484", size = 66469, upload-time = "2025-04-19T11:48:57.875Z" },
]

[[package]]
name = "pluggy"
version = "1.6.0"
source = { registry = "https://pypi.org/simple" }
sdist = { url = "https://files.pythonhosted.org/packages/f9/e2/3e91f31a7d2b083fe6ef3fa267035b518369d9511ffab804f839851d2779/pluggy-1.6.0.tar.gz", hash = "sha256:7dcc130b76258d33b90f61b658791dede3486c3e6bfb003ee5c9bfb396dd22f3", size = 69412, upload-time = "2025-05-15T12:30:07.975Z" }
wheels = [
    { url = "https://files.pythonhosted.org/packages/54/20/4d324d65cc6d9205fabedc306948156824eb9f0ee1633355a8f7ec5c66bf/pluggy-1.6.0-py3-none-any.whl", hash = "sha256:e920276dd6813095e9377c0bc5566d94c932c33b27a3e3945d8389c374dd4746", size = 20538, upload-time = "2025-05-15T12:30:06.134Z" },
]

[[package]]
name = "pygments"
version = "2.19.2"
source = { registry = "https://pypi.org/simple" }
sdist = { url = "https://files.pythonhosted.org/packages/b0/77/a5b8c569bf593b0140bde72ea885a803b82086995367bf2037de0159d924/pygments-2.19.2.tar.gz", hash = "sha256:636cb2477cec7f8952536970bc533bc43743542f70392ae026374600add5b887", size = 4968631, upload-time = "2025-06-21T13:39:12.283Z" }
wheels = [
    { url = "https://files.pythonhosted.org/packages/c7/21/705964c7812476f378728bdf590ca4b771ec72385c533964653c68e86bdc/pygments-2.19.2-py3-none-any.whl", hash = "sha256:86540386c03d588bb81d44bc3928634ff26449851e99741617ecb9037ee5ec0b", size = 1225217, upload-time = "2025-06-21T13:39:07.939Z" },
]

[[package]]
name = "pytest"
version = "8.4.2"
source = { registry = "https://pypi.org/simple" }
dependencies = [
    { name = "colorama", marker = "sys_platform == 'win32'" },
    { name = "iniconfig" },
    { name = "packaging" },
    { name = "pluggy" },
    { name = "pygments" },
]
sdist = { url = "https://files.pythonhosted.org/packages/a3/5c/00a0e072241553e1a7496d638deababa67c5058571567b92a7eaa258397c/pytest-8.4.2.tar.gz", hash = "sha256:86c0d0b93306b961d58d62a4db4879f27fe25513d4b969df351abdddb3c30e01", size = 1519618, upload-time = "2025-09-04T14:34:22.711Z" }
wheels = [
    { url = "https://files.pythonhosted.org/packages/a8/a4/20da314d277121d6534b3a980b29035dcd51e6744bd79075a6ce8fa4eb8d/pytest-8.4.2-py3-none-any.whl", hash = "sha256:872f880de3fc3a5bdc88a11b39c9710c3497a547cfa9320bc3c5e62fbf272e79", size = 365750, upload-time = "2025-09-04T14:34:20.226Z" },
]

[[package]]
name = "the-blockheads-tools-py"
version = "0.1.0"
source = { editable = "." }
dependencies = [
    { name = "maturin" },
]

[package.dev-dependencies]
dev = [
    { name = "pytest" },
]

[package.metadata]
requires-dist = [{ name = "maturin", specifier = ">=1.9.4" }]

[package.metadata.requires-dev]
dev = [{ name = "pytest", specifier = ">=8.4.2" }]
